
Microsoft Visual Studio Solution File, Format Version 12.00
# Visual Studio Version 17
VisualStudioVersion = 17.14.36202.13
MinimumVisualStudioVersion = 10.0.40219.1
Project("{8BC9CEB8-8B4A-11D0-8D11-00A0C91BC942}") = "test", "test\test.vcxproj", "{B09ACA5E-301F-43EA-8635-03A9B8EEA955}"
EndProject
Project("{8BC9CEB8-8B4A-11D0-8D11-00A0C91BC942}") = "tunic-decoder-cli", "tunic-decoder-cli\tunic-decoder-cli.vcxproj", "{E8C65681-EFBE-49D9-B7DE-F6B028B349B4}"
EndProject
Project("{8BC9CEB8-8B4A-11D0-8D11-00A0C91BC942}") = "libtunic", "libtunic\libtunic.vcxproj", "{31A3CB73-D7BF-45A5-9537-DB4D8A837D47}"
EndProject
Global
	GlobalSection(SolutionConfigurationPlatforms) = preSolution
		Debug|x64 = Debug|x64
		Debug|x86 = Debug|x86
		Release|x64 = Release|x64
		Release|x86 = Release|x86
	EndGlobalSection
	GlobalSection(ProjectConfigurationPlatforms) = postSolution
		{B09ACA5E-301F-43EA-8635-03A9B8EEA955}.Debug|x64.ActiveCfg = Debug|x64
		{B09ACA5E-301F-43EA-8635-03A9B8EEA955}.Debug|x64.Build.0 = Debug|x64
		{B09ACA5E-301F-43EA-8635-03A9B8EEA955}.Debug|x86.ActiveCfg = Debug|Win32
		{B09ACA5E-301F-43EA-8635-03A9B8EEA955}.Debug|x86.Build.0 = Debug|Win32
		{B09ACA5E-301F-43EA-8635-03A9B8EEA955}.Release|x64.ActiveCfg = Release|x64
		{B09ACA5E-301F-43EA-8635-03A9B8EEA955}.Release|x64.Build.0 = Release|x64
		{B09ACA5E-301F-43EA-8635-03A9B8EEA955}.Release|x86.ActiveCfg = Release|Win32
		{B09ACA5E-301F-43EA-8635-03A9B8EEA955}.Release|x86.Build.0 = Release|Win32
		{E8C65681-EFBE-49D9-B7DE-F6B028B349B4}.Debug|x64.ActiveCfg = Debug|x64
		{E8C65681-EFBE-49D9-B7DE-F6B028B349B4}.Debug|x64.Build.0 = Debug|x64
		{E8C65681-EFBE-49D9-B7DE-F6B028B349B4}.Debug|x86.ActiveCfg = Debug|Win32
		{E8C65681-EFBE-49D9-B7DE-F6B028B349B4}.Debug|x86.Build.0 = Debug|Win32
		{E8C65681-EFBE-49D9-B7DE-F6B028B349B4}.Release|x64.ActiveCfg = Release|x64
		{E8C65681-EFBE-49D9-B7DE-F6B028B349B4}.Release|x64.Build.0 = Release|x64
		{E8C65681-EFBE-49D9-B7DE-F6B028B349B4}.Release|x86.ActiveCfg = Release|Win32
		{E8C65681-EFBE-49D9-B7DE-F6B028B349B4}.Release|x86.Build.0 = Release|Win32
		{31A3CB73-D7BF-45A5-9537-DB4D8A837D47}.Debug|x64.ActiveCfg = Debug|x64
		{31A3CB73-D7BF-45A5-9537-DB4D8A837D47}.Debug|x64.Build.0 = Debug|x64
		{31A3CB73-D7BF-45A5-9537-DB4D8A837D47}.Debug|x86.ActiveCfg = Debug|Win32
		{31A3CB73-D7BF-45A5-9537-DB4D8A837D47}.Debug|x86.Build.0 = Debug|Win32
		{31A3CB73-D7BF-45A5-9537-DB4D8A837D47}.Release|x64.ActiveCfg = Release|x64
		{31A3CB73-D7BF-45A5-9537-DB4D8A837D47}.Release|x64.Build.0 = Release|x64
		{31A3CB73-D7BF-45A5-9537-DB4D8A837D47}.Release|x86.ActiveCfg = Release|Win32
		{31A3CB73-D7BF-45A5-9537-DB4D8A837D47}.Release|x86.Build.0 = Release|Win32
	EndGlobalSection
	GlobalSection(SolutionProperties) = preSolution
		HideSolutionNode = FALSE
	EndGlobalSection
	GlobalSection(ExtensibilityGlobals) = postSolution
		SolutionGuid = {F86798A9-B98E-4C9C-920A-DDBCE7B13D19}
	EndGlobalSection
EndGlobal
